%{
  "cbor": {:hex, :cbor, "1.0.0", "35d33a26f6420ce3d2d01c0b1463a748b34c537d5609fc40116daf3666700d36", [:mix], [], "hexpm", "cc5e21e0fa5a0330715a3806c67bc294f8b65d07160f751b5bd6058bed1962ac"},
  "hkdf_erlang": {:hex, :hkdf_erlang, "0.1.1", "b35538edfffefc44d6855b2bfe2dc00909c2a4365f41e47d2fe493811006955e", [:rebar3], [], "hexpm", "eb784bda0df4e964fd69f622310752198fb0218543e1a7393912abc7a5ce926e"},
}
